// !$*UTF8*$!
{
	archiveVersion = 1;
	classes = {
	};
	objectVersion = 56;
	objects = {

/* Begin PBXBuildFile section */
		2625E5A329290A6600F3CB30 /* GamesForGoodApp.swift in Sources */ = {isa = PBXBuildFile; fileRef = 2625E5A229290A6600F3CB30 /* GamesForGoodApp.swift */; };
		2625E5A729290A6700F3CB30 /* Assets.xcassets in Resources */ = {isa = PBXBuildFile; fileRef = 2625E5A629290A6700F3CB30 /* Assets.xcassets */; };
		2625E5AA29290A6700F3CB30 /* Preview Assets.xcassets in Resources */ = {isa = PBXBuildFile; fileRef = 2625E5A929290A6700F3CB30 /* Preview Assets.xcassets */; };
		2625E5C029290EEE00F3CB30 /* Content in Frameworks */ = {isa = PBXBuildFile; productRef = 2625E5BF29290EEE00F3CB30 /* Content */; };
		2625E5C429290F7900F3CB30 /* Interface in Frameworks */ = {isa = PBXBuildFile; productRef = 2625E5C329290F7900F3CB30 /* Interface */; };
		268C2F43292971CB000D868B /* Rubik-Bold.ttf in Resources */ = {isa = PBXBuildFile; fileRef = 268C2F3F292971CB000D868B /* Rubik-Bold.ttf */; };
		268C2F44292971CB000D868B /* Rubik-Medium.ttf in Resources */ = {isa = PBXBuildFile; fileRef = 268C2F40292971CB000D868B /* Rubik-Medium.ttf */; };
		268C2F45292971CB000D868B /* Rubik-SemiBold.ttf in Resources */ = {isa = PBXBuildFile; fileRef = 268C2F41292971CB000D868B /* Rubik-SemiBold.ttf */; };
		268C2F46292971CB000D868B /* Rubik-Regular.ttf in Resources */ = {isa = PBXBuildFile; fileRef = 268C2F42292971CB000D868B /* Rubik-Regular.ttf */; };
/* End PBXBuildFile section */

/* Begin PBXFileReference section */
		260F3B51292A3F6A00F69076 /* Content */ = {isa = PBXFileReference; lastKnownFileType = wrapper; path = Content; sourceTree = "<group>"; };
		260F3B52292A3F8500F69076 /* Core */ = {isa = PBXFileReference; lastKnownFileType = wrapper; path = Core; sourceTree = "<group>"; };
		260F3B53292A3F9300F69076 /* Interface */ = {isa = PBXFileReference; lastKnownFileType = wrapper; path = Interface; sourceTree = "<group>"; };
		260F3B54292A3FA700F69076 /* Networking */ = {isa = PBXFileReference; lastKnownFileType = wrapper; path = Networking; sourceTree = "<group>"; };
		260F3B55292A3FAE00F69076 /* Persistence */ = {isa = PBXFileReference; lastKnownFileType = wrapper; path = Persistence; sourceTree = "<group>"; };
		260F3B56292A3FB700F69076 /* Validation */ = {isa = PBXFileReference; lastKnownFileType = wrapper; path = Validation; sourceTree = "<group>"; };
		2625E59F29290A6600F3CB30 /* GamesForGood.app */ = {isa = PBXFileReference; explicitFileType = wrapper.application; includeInIndex = 0; path = GamesForGood.app; sourceTree = BUILT_PRODUCTS_DIR; };
		2625E5A229290A6600F3CB30 /* GamesForGoodApp.swift */ = {isa = PBXFileReference; lastKnownFileType = sourcecode.swift; path = GamesForGoodApp.swift; sourceTree = "<group>"; };
		2625E5A629290A6700F3CB30 /* Assets.xcassets */ = {isa = PBXFileReference; lastKnownFileType = folder.assetcatalog; path = Assets.xcassets; sourceTree = "<group>"; };
		2625E5A929290A6700F3CB30 /* Preview Assets.xcassets */ = {isa = PBXFileReference; lastKnownFileType = folder.assetcatalog; path = "Preview Assets.xcassets"; sourceTree = "<group>"; };
		2625E5B129290AF600F3CB30 /* Networking */ = {isa = PBXFileReference; lastKnownFileType = wrapper; name = Networking; path = ../Networking; sourceTree = "<group>"; };
		2625E5B229290B0500F3CB30 /* Persistence */ = {isa = PBXFileReference; lastKnownFileType = wrapper; name = Persistence; path = ../Persistence; sourceTree = "<group>"; };
		2625E5B329290B1200F3CB30 /* Validation */ = {isa = PBXFileReference; lastKnownFileType = wrapper; name = Validation; path = ../Validation; sourceTree = "<group>"; };
		2625E5B429290B2C00F3CB30 /* Core */ = {isa = PBXFileReference; lastKnownFileType = wrapper; name = Core; path = ../Core; sourceTree = "<group>"; };
		2625E5B529290B4700F3CB30 /* Interface */ = {isa = PBXFileReference; lastKnownFileType = wrapper; name = Interface; path = ../Interface; sourceTree = "<group>"; };
		2625E5BB29290DD000F3CB30 /* Content */ = {isa = PBXFileReference; lastKnownFileType = wrapper; name = Content; path = ../Content; sourceTree = "<group>"; };
		268C2F3D292937F3000D868B /* Info.plist */ = {isa = PBXFileReference; lastKnownFileType = text.plist; path = Info.plist; sourceTree = "<group>"; };
		268C2F3F292971CB000D868B /* Rubik-Bold.ttf */ = {isa = PBXFileReference; lastKnownFileType = file; path = "Rubik-Bold.ttf"; sourceTree = "<group>"; };
		268C2F40292971CB000D868B /* Rubik-Medium.ttf */ = {isa = PBXFileReference; lastKnownFileType = file; path = "Rubik-Medium.ttf"; sourceTree = "<group>"; };
		268C2F41292971CB000D868B /* Rubik-SemiBold.ttf */ = {isa = PBXFileReference; lastKnownFileType = file; path = "Rubik-SemiBold.ttf"; sourceTree = "<group>"; };
		268C2F42292971CB000D868B /* Rubik-Regular.ttf */ = {isa = PBXFileReference; lastKnownFileType = file; path = "Rubik-Regular.ttf"; sourceTree = "<group>"; };
/* End PBXFileReference section */

/* Begin PBXFrameworksBuildPhase section */
		2625E59C29290A6600F3CB30 /* Frameworks */ = {
			isa = PBXFrameworksBuildPhase;
			buildActionMask = 2147483647;
			files = (
				2625E5C429290F7900F3CB30 /* Interface in Frameworks */,
				2625E5C029290EEE00F3CB30 /* Content in Frameworks */,
			);
			runOnlyForDeploymentPostprocessing = 0;
		};
/* End PBXFrameworksBuildPhase section */

/* Begin PBXGroup section */
		2625E59629290A6600F3CB30 = {
			isa = PBXGroup;
			children = (
				2625E5B029290AF600F3CB30 /* Packages */,
				2625E5A129290A6600F3CB30 /* GamesForGood */,
				2625E5A029290A6600F3CB30 /* Products */,
				2625E5BC29290EE600F3CB30 /* Frameworks */,
			);
			sourceTree = "<group>";
		};
		2625E5A029290A6600F3CB30 /* Products */ = {
			isa = PBXGroup;
			children = (
				2625E59F29290A6600F3CB30 /* GamesForGood.app */,
			);
			name = Products;
			sourceTree = "<group>";
		};
		2625E5A129290A6600F3CB30 /* GamesForGood */ = {
			isa = PBXGroup;
			children = (
				268C2F3E292971CB000D868B /* Fonts */,
				268C2F3D292937F3000D868B /* Info.plist */,
				2625E5A229290A6600F3CB30 /* GamesForGoodApp.swift */,
				2625E5A629290A6700F3CB30 /* Assets.xcassets */,
				2625E5A829290A6700F3CB30 /* Preview Content */,
			);
			path = GamesForGood;
			sourceTree = "<group>";
		};
		2625E5A829290A6700F3CB30 /* Preview Content */ = {
			isa = PBXGroup;
			children = (
				2625E5A929290A6700F3CB30 /* Preview Assets.xcassets */,
			);
			path = "Preview Content";
			sourceTree = "<group>";
		};
		2625E5B029290AF600F3CB30 /* Packages */ = {
			isa = PBXGroup;
			children = (
				2625E5B129290AF600F3CB30 /* Networking */,
				2625E5B229290B0500F3CB30 /* Persistence */,
				2625E5B329290B1200F3CB30 /* Validation */,
				2625E5B429290B2C00F3CB30 /* Core */,
				2625E5B529290B4700F3CB30 /* Interface */,
				2625E5BB29290DD000F3CB30 /* Content */,
				260F3B51292A3F6A00F69076 /* Content */,
				260F3B52292A3F8500F69076 /* Core */,
				260F3B53292A3F9300F69076 /* Interface */,
				260F3B54292A3FA700F69076 /* Networking */,
				260F3B55292A3FAE00F69076 /* Persistence */,
				260F3B56292A3FB700F69076 /* Validation */,
			);
			name = Packages;
			sourceTree = "<group>";
		};
		2625E5BC29290EE600F3CB30 /* Frameworks */ = {
			isa = PBXGroup;
			children = (
			);
			name = Frameworks;
			sourceTree = "<group>";
		};
		268C2F3E292971CB000D868B /* Fonts */ = {
			isa = PBXGroup;
			children = (
				268C2F3F292971CB000D868B /* Rubik-Bold.ttf */,
				268C2F40292971CB000D868B /* Rubik-Medium.ttf */,
				268C2F41292971CB000D868B /* Rubik-SemiBold.ttf */,
				268C2F42292971CB000D868B /* Rubik-Regular.ttf */,
			);
			path = Fonts;
			sourceTree = "<group>";
		};
/* End PBXGroup section */

/* Begin PBXNativeTarget section */
		2625E59E29290A6600F3CB30 /* GamesForGood */ = {
			isa = PBXNativeTarget;
			buildConfigurationList = 2625E5AD29290A6700F3CB30 /* Build configuration list for PBXNativeTarget "GamesForGood" */;
			buildPhases = (
				2625E59B29290A6600F3CB30 /* Sources */,
				2625E59C29290A6600F3CB30 /* Frameworks */,
				2625E59D29290A6600F3CB30 /* Resources */,
			);
			buildRules = (
			);
			dependencies = (
			);
			name = GamesForGood;
			packageProductDependencies = (
				2625E5BF29290EEE00F3CB30 /* Content */,
				2625E5C329290F7900F3CB30 /* Interface */,
			);
			productName = GamesForGood;
			productReference = 2625E59F29290A6600F3CB30 /* GamesForGood.app */;
			productType = "com.apple.product-type.application";
		};
/* End PBXNativeTarget section */

/* Begin PBXProject section */
		2625E59729290A6600F3CB30 /* Project object */ = {
			isa = PBXProject;
			attributes = {
				BuildIndependentTargetsInParallel = 1;
				LastSwiftUpdateCheck = 1410;
				LastUpgradeCheck = 1410;
				TargetAttributes = {
					2625E59E29290A6600F3CB30 = {
						CreatedOnToolsVersion = 14.1;
					};
				};
			};
			buildConfigurationList = 2625E59A29290A6600F3CB30 /* Build configuration list for PBXProject "GamesForGood" */;
			compatibilityVersion = "Xcode 14.0";
			developmentRegion = en;
			hasScannedForEncodings = 0;
			knownRegions = (
				en,
				Base,
			);
			mainGroup = 2625E59629290A6600F3CB30;
			productRefGroup = 2625E5A029290A6600F3CB30 /* Products */;
			projectDirPath = "";
			projectRoot = "";
			targets = (
				2625E59E29290A6600F3CB30 /* GamesForGood */,
			);
		};
/* End PBXProject section */

/* Begin PBXResourcesBuildPhase section */
		2625E59D29290A6600F3CB30 /* Resources */ = {
			isa = PBXResourcesBuildPhase;
			buildActionMask = 2147483647;
			files = (
				2625E5AA29290A6700F3CB30 /* Preview Assets.xcassets in Resources */,
				268C2F46292971CB000D868B /* Rubik-Regular.ttf in Resources */,
				268C2F43292971CB000D868B /* Rubik-Bold.ttf in Resources */,
				268C2F45292971CB000D868B /* Rubik-SemiBold.ttf in Resources */,
				2625E5A729290A6700F3CB30 /* Assets.xcassets in Resources */,
				268C2F44292971CB000D868B /* Rubik-Medium.ttf in Resources */,
			);
			runOnlyForDeploymentPostprocessing = 0;
		};
/* End PBXResourcesBuildPhase section */

/* Begin PBXSourcesBuildPhase section */
		2625E59B29290A6600F3CB30 /* Sources */ = {
			isa = PBXSourcesBuildPhase;
			buildActionMask = 2147483647;
			files = (
				2625E5A329290A6600F3CB30 /* GamesForGoodApp.swift in Sources */,
			);
			runOnlyForDeploymentPostprocessing = 0;
		};
/* End PBXSourcesBuildPhase section */

/* Begin XCBuildConfiguration section */
		2625E5AB29290A6700F3CB30 /* Debug */ = {
			isa = XCBuildConfiguration;
			buildSettings = {
				ALWAYS_SEARCH_USER_PATHS = NO;
				CLANG_ANALYZER_NONNULL = YES;
				CLANG_ANALYZER_NUMBER_OBJECT_CONVERSION = YES_AGGRESSIVE;
				CLANG_CXX_LANGUAGE_STANDARD = "gnu++20";
				CLANG_ENABLE_MODULES = YES;
				CLANG_ENABLE_OBJC_ARC = YES;
				CLANG_ENABLE_OBJC_WEAK = YES;
				CLANG_WARN_BLOCK_CAPTURE_AUTORELEASING = YES;
				CLANG_WARN_BOOL_CONVERSION = YES;
				CLANG_WARN_COMMA = YES;
				CLANG_WARN_CONSTANT_CONVERSION = YES;
				CLANG_WARN_DEPRECATED_OBJC_IMPLEMENTATIONS = YES;
				CLANG_WARN_DIRECT_OBJC_ISA_USAGE = YES_ERROR;
				CLANG_WARN_DOCUMENTATION_COMMENTS = YES;
				CLANG_WARN_EMPTY_BODY = YES;
				CLANG_WARN_ENUM_CONVERSION = YES;
				CLANG_WARN_INFINITE_RECURSION = YES;
				CLANG_WARN_INT_CONVERSION = YES;
				CLANG_WARN_NON_LITERAL_NULL_CONVERSION = YES;
				CLANG_WARN_OBJC_IMPLICIT_RETAIN_SELF = YES;
				CLANG_WARN_OBJC_LITERAL_CONVERSION = YES;
				CLANG_WARN_OBJC_ROOT_CLASS = YES_ERROR;
				CLANG_WARN_QUOTED_INCLUDE_IN_FRAMEWORK_HEADER = YES;
				CLANG_WARN_RANGE_LOOP_ANALYSIS = YES;
				CLANG_WARN_STRICT_PROTOTYPES = YES;
				CLANG_WARN_SUSPICIOUS_MOVE = YES;
				CLANG_WARN_UNGUARDED_AVAILABILITY = YES_AGGRESSIVE;
				CLANG_WARN_UNREACHABLE_CODE = YES;
				CLANG_WARN__DUPLICATE_METHOD_MATCH = YES;
				COPY_PHASE_STRIP = NO;
				DEBUG_INFORMATION_FORMAT = dwarf;
				ENABLE_STRICT_OBJC_MSGSEND = YES;
				ENABLE_TESTABILITY = YES;
				GCC_C_LANGUAGE_STANDARD = gnu11;
				GCC_DYNAMIC_NO_PIC = NO;
				GCC_NO_COMMON_BLOCKS = YES;
				GCC_OPTIMIZATION_LEVEL = 0;
				GCC_PREPROCESSOR_DEFINITIONS = (
					"DEBUG=1",
					"$(inherited)",
				);
				GCC_WARN_64_TO_32_BIT_CONVERSION = YES;
				GCC_WARN_ABOUT_RETURN_TYPE = YES_ERROR;
				GCC_WARN_UNDECLARED_SELECTOR = YES;
				GCC_WARN_UNINITIALIZED_AUTOS = YES_AGGRESSIVE;
				GCC_WARN_UNUSED_FUNCTION = YES;
				GCC_WARN_UNUSED_VARIABLE = YES;
				IPHONEOS_DEPLOYMENT_TARGET = 16.1;
				MTL_ENABLE_DEBUG_INFO = INCLUDE_SOURCE;
				MTL_FAST_MATH = YES;
				ONLY_ACTIVE_ARCH = YES;
				SDKROOT = iphoneos;
				SWIFT_ACTIVE_COMPILATION_CONDITIONS = DEBUG;
				SWIFT_OPTIMIZATION_LEVEL = "-Onone";
			};
			name = Debug;
		};
		2625E5AC29290A6700F3CB30 /* Release */ = {
			isa = XCBuildConfiguration;
			buildSettings = {
				ALWAYS_SEARCH_USER_PATHS = NO;
				CLANG_ANALYZER_NONNULL = YES;
				CLANG_ANALYZER_NUMBER_OBJECT_CONVERSION = YES_AGGRESSIVE;
				CLANG_CXX_LANGUAGE_STANDARD = "gnu++20";
				CLANG_ENABLE_MODULES = YES;
				CLANG_ENABLE_OBJC_ARC = YES;
				CLANG_ENABLE_OBJC_WEAK = YES;
				CLANG_WARN_BLOCK_CAPTURE_AUTORELEASING = YES;
				CLANG_WARN_BOOL_CONVERSION = YES;
				CLANG_WARN_COMMA = YES;
				CLANG_WARN_CONSTANT_CONVERSION = YES;
				CLANG_WARN_DEPRECATED_OBJC_IMPLEMENTATIONS = YES;
				CLANG_WARN_DIRECT_OBJC_ISA_USAGE = YES_ERROR;
				CLANG_WARN_DOCUMENTATION_COMMENTS = YES;
				CLANG_WARN_EMPTY_BODY = YES;
				CLANG_WARN_ENUM_CONVERSION = YES;
				CLANG_WARN_INFINITE_RECURSION = YES;
				CLANG_WARN_INT_CONVERSION = YES;
				CLANG_WARN_NON_LITERAL_NULL_CONVERSION = YES;
				CLANG_WARN_OBJC_IMPLICIT_RETAIN_SELF = YES;
				CLANG_WARN_OBJC_LITERAL_CONVERSION = YES;
				CLANG_WARN_OBJC_ROOT_CLASS = YES_ERROR;
				CLANG_WARN_QUOTED_INCLUDE_IN_FRAMEWORK_HEADER = YES;
				CLANG_WARN_RANGE_LOOP_ANALYSIS = YES;
				CLANG_WARN_STRICT_PROTOTYPES = YES;
				CLANG_WARN_SUSPICIOUS_MOVE = YES;
				CLANG_WARN_UNGUARDED_AVAILABILITY = YES_AGGRESSIVE;
				CLANG_WARN_UNREACHABLE_CODE = YES;
				CLANG_WARN__DUPLICATE_METHOD_MATCH = YES;
				COPY_PHASE_STRIP = NO;
				DEBUG_INFORMATION_FORMAT = "dwarf-with-dsym";
				ENABLE_NS_ASSERTIONS = NO;
				ENABLE_STRICT_OBJC_MSGSEND = YES;
				GCC_C_LANGUAGE_STANDARD = gnu11;
				GCC_NO_COMMON_BLOCKS = YES;
				GCC_WARN_64_TO_32_BIT_CONVERSION = YES;
				GCC_WARN_ABOUT_RETURN_TYPE = YES_ERROR;
				GCC_WARN_UNDECLARED_SELECTOR = YES;
				GCC_WARN_UNINITIALIZED_AUTOS = YES_AGGRESSIVE;
				GCC_WARN_UNUSED_FUNCTION = YES;
				GCC_WARN_UNUSED_VARIABLE = YES;
				IPHONEOS_DEPLOYMENT_TARGET = 16.1;
				MTL_ENABLE_DEBUG_INFO = NO;
				MTL_FAST_MATH = YES;
				SDKROOT = iphoneos;
				SWIFT_COMPILATION_MODE = wholemodule;
				SWIFT_OPTIMIZATION_LEVEL = "-O";
				VALIDATE_PRODUCT = YES;
			};
			name = Release;
		};
		2625E5AE29290A6700F3CB30 /* Debug */ = {
			isa = XCBuildConfiguration;
			buildSettings = {
				ASSETCATALOG_COMPILER_APPICON_NAME = AppIcon;
				ASSETCATALOG_COMPILER_GLOBAL_ACCENT_COLOR_NAME = AccentColor;
				CODE_SIGN_STYLE = Automatic;
				CURRENT_PROJECT_VERSION = 1;
				DEVELOPMENT_ASSET_PATHS = "\"GamesForGood/Preview Content\"";
				DEVELOPMENT_TEAM = YD9296724U;
				ENABLE_PREVIEWS = YES;
				GENERATE_INFOPLIST_FILE = YES;
				INFOPLIST_FILE = GamesForGood/Info.plist;
				INFOPLIST_KEY_UIApplicationSceneManifest_Generation = YES;
				INFOPLIST_KEY_UIApplicationSupportsIndirectInputEvents = YES;
				INFOPLIST_KEY_UILaunchScreen_Generation = YES;
				INFOPLIST_KEY_UISupportedInterfaceOrientations_iPad = "UIInterfaceOrientationPortrait UIInterfaceOrientationPortraitUpsideDown UIInterfaceOrientationLandscapeLeft UIInterfaceOrientationLandscapeRight";
				INFOPLIST_KEY_UISupportedInterfaceOrientations_iPhone = "UIInterfaceOrientationPortrait UIInterfaceOrientationLandscapeLeft UIInterfaceOrientationLandscapeRight";
				LD_RUNPATH_SEARCH_PATHS = (
					"$(inherited)",
					"@executable_path/Frameworks",
				);
				MARKETING_VERSION = 1.0;
				PRODUCT_BUNDLE_IDENTIFIER = com.giraffestudio.GamesForGood;
				PRODUCT_NAME = "$(TARGET_NAME)";
				SWIFT_EMIT_LOC_STRINGS = YES;
				SWIFT_VERSION = 5.0;
				TARGETED_DEVICE_FAMILY = "1,2";
			};
			name = Debug;
		};
		2625E5AF29290A6700F3CB30 /* Release */ = {
			isa = XCBuildConfiguration;
			buildSettings = {
				ASSETCATALOG_COMPILER_APPICON_NAME = AppIcon;
				ASSETCATALOG_COMPILER_GLOBAL_ACCENT_COLOR_NAME = AccentColor;
				CODE_SIGN_STYLE = Automatic;
				CURRENT_PROJECT_VERSION = 1;
				DEVELOPMENT_ASSET_PATHS = "\"GamesForGood/Preview Content\"";
				DEVELOPMENT_TEAM = YD9296724U;
				ENABLE_PREVIEWS = YES;
				GENERATE_INFOPLIST_FILE = YES;
				INFOPLIST_FILE = GamesForGood/Info.plist;
				INFOPLIST_KEY_UIApplicationSceneManifest_Generation = YES;
				INFOPLIST_KEY_UIApplicationSupportsIndirectInputEvents = YES;
				INFOPLIST_KEY_UILaunchScreen_Generation = YES;
				INFOPLIST_KEY_UISupportedInterfaceOrientations_iPad = "UIInterfaceOrientationPortrait UIInterfaceOrientationPortraitUpsideDown UIInterfaceOrientationLandscapeLeft UIInterfaceOrientationLandscapeRight";
				INFOPLIST_KEY_UISupportedInterfaceOrientations_iPhone = "UIInterfaceOrientationPortrait UIInterfaceOrientationLandscapeLeft UIInterfaceOrientationLandscapeRight";
				LD_RUNPATH_SEARCH_PATHS = (
					"$(inherited)",
					"@executable_path/Frameworks",
				);
				MARKETING_VERSION = 1.0;
				PRODUCT_BUNDLE_IDENTIFIER = com.giraffestudio.GamesForGood;
				PRODUCT_NAME = "$(TARGET_NAME)";
				SWIFT_EMIT_LOC_STRINGS = YES;
				SWIFT_VERSION = 5.0;
				TARGETED_DEVICE_FAMILY = "1,2";
			};
			name = Release;
		};
/* End XCBuildConfiguration section */

/* Begin XCConfigurationList section */
		2625E59A29290A6600F3CB30 /* Build configuration list for PBXProject "GamesForGood" */ = {
			isa = XCConfigurationList;
			buildConfigurations = (
				2625E5AB29290A6700F3CB30 /* Debug */,
				2625E5AC29290A6700F3CB30 /* Release */,
			);
			defaultConfigurationIsVisible = 0;
			defaultConfigurationName = Release;
		};
		2625E5AD29290A6700F3CB30 /* Build configuration list for PBXNativeTarget "GamesForGood" */ = {
			isa = XCConfigurationList;
			buildConfigurations = (
				2625E5AE29290A6700F3CB30 /* Debug */,
				2625E5AF29290A6700F3CB30 /* Release */,
			);
			defaultConfigurationIsVisible = 0;
			defaultConfigurationName = Release;
		};
/* End XCConfigurationList section */

/* Begin XCSwiftPackageProductDependency section */
		2625E5BF29290EEE00F3CB30 /* Content */ = {
			isa = XCSwiftPackageProductDependency;
			productName = Content;
		};
		2625E5C329290F7900F3CB30 /* Interface */ = {
			isa = XCSwiftPackageProductDependency;
			productName = Interface;
		};
/* End XCSwiftPackageProductDependency section */
	};
	rootObject = 2625E59729290A6600F3CB30 /* Project object */;
}
